
Microsoft Visual Studio Solution File, Format Version 12.00
# Visual Studio Version 17
VisualStudioVersion = 17.8.34330.188
MinimumVisualStudioVersion = 10.0.40219.1
Project("{2150E333-8FDC-42A3-9474-1A3956D46DE8}") = "services", "services", "{7161769D-E741-443C-A8D3-E39B2D405373}"
EndProject
Project("{2150E333-8FDC-42A3-9474-1A3956D46DE8}") = "shared", "shared", "{62D55E74-92AC-46D4-AE06-EF1A83D46055}"
EndProject
Project("{2150E333-8FDC-42A3-9474-1A3956D46DE8}") = "tests", "tests", "{24818D3F-AF39-453D-9CB7-50FB9509C0D2}"
EndProject
Project("{2150E333-8FDC-42A3-9474-1A3956D46DE8}") = "UserService", "UserService", "{B62F4696-C198-4727-8802-A14DAE7614C4}"
EndProject
Project("{2150E333-8FDC-42A3-9474-1A3956D46DE8}") = "Solution Items", "Solution Items", "{D1541D9B-A89B-47B7-9D5C-F1727FEECB37}"
	ProjectSection(SolutionItems) = preProject
		docker-compose.yml = docker-compose.yml
	EndProjectSection
EndProject
Project("{9A19103F-16F7-4668-BE54-9A1E7A4F7556}") = "UserService.API", "services\UserService\UserService.API\UserService.API.csproj", "{475A47A5-C1FC-47A3-B817-2AE94373C17D}"
EndProject
Project("{9A19103F-16F7-4668-BE54-9A1E7A4F7556}") = "UserService.Application", "services\UserService\UserService.Application\UserService.Application.csproj", "{45889929-771B-42CF-9AEC-A50071BA9F79}"
EndProject
Project("{9A19103F-16F7-4668-BE54-9A1E7A4F7556}") = "UserService.Domain", "services\UserService\UserService.Domain\UserService.Domain.csproj", "{EF49A8B0-61EE-4E32-83CA-1275780022C7}"
EndProject
Project("{9A19103F-16F7-4668-BE54-9A1E7A4F7556}") = "UserService.Infrastructure", "services\UserService\UserService.Infrastructure\UserService.Infrastructure.csproj", "{9F67BF69-999C-48CA-9401-4A35D2E52134}"
EndProject
Project("{9A19103F-16F7-4668-BE54-9A1E7A4F7556}") = "UserService.Shared", "services\UserService\UserService.Shared\UserService.Shared.csproj", "{639D0044-3B3E-478D-B321-AFBA6CB81833}"
EndProject
Global
	GlobalSection(SolutionConfigurationPlatforms) = preSolution
		Debug|Any CPU = Debug|Any CPU
		Release|Any CPU = Release|Any CPU
	EndGlobalSection
	GlobalSection(ProjectConfigurationPlatforms) = postSolution
		{475A47A5-C1FC-47A3-B817-2AE94373C17D}.Debug|Any CPU.ActiveCfg = Debug|Any CPU
		{475A47A5-C1FC-47A3-B817-2AE94373C17D}.Debug|Any CPU.Build.0 = Debug|Any CPU
		{475A47A5-C1FC-47A3-B817-2AE94373C17D}.Release|Any CPU.ActiveCfg = Release|Any CPU
		{475A47A5-C1FC-47A3-B817-2AE94373C17D}.Release|Any CPU.Build.0 = Release|Any CPU
		{45889929-771B-42CF-9AEC-A50071BA9F79}.Debug|Any CPU.ActiveCfg = Debug|Any CPU
		{45889929-771B-42CF-9AEC-A50071BA9F79}.Debug|Any CPU.Build.0 = Debug|Any CPU
		{45889929-771B-42CF-9AEC-A50071BA9F79}.Release|Any CPU.ActiveCfg = Release|Any CPU
		{45889929-771B-42CF-9AEC-A50071BA9F79}.Release|Any CPU.Build.0 = Release|Any CPU
		{EF49A8B0-61EE-4E32-83CA-1275780022C7}.Debug|Any CPU.ActiveCfg = Debug|Any CPU
		{EF49A8B0-61EE-4E32-83CA-1275780022C7}.Debug|Any CPU.Build.0 = Debug|Any CPU
		{EF49A8B0-61EE-4E32-83CA-1275780022C7}.Release|Any CPU.ActiveCfg = Release|Any CPU
		{EF49A8B0-61EE-4E32-83CA-1275780022C7}.Release|Any CPU.Build.0 = Release|Any CPU
		{9F67BF69-999C-48CA-9401-4A35D2E52134}.Debug|Any CPU.ActiveCfg = Debug|Any CPU
		{9F67BF69-999C-48CA-9401-4A35D2E52134}.Debug|Any CPU.Build.0 = Debug|Any CPU
		{9F67BF69-999C-48CA-9401-4A35D2E52134}.Release|Any CPU.ActiveCfg = Release|Any CPU
		{9F67BF69-999C-48CA-9401-4A35D2E52134}.Release|Any CPU.Build.0 = Release|Any CPU
		{639D0044-3B3E-478D-B321-AFBA6CB81833}.Debug|Any CPU.ActiveCfg = Debug|Any CPU
		{639D0044-3B3E-478D-B321-AFBA6CB81833}.Debug|Any CPU.Build.0 = Debug|Any CPU
		{639D0044-3B3E-478D-B321-AFBA6CB81833}.Release|Any CPU.ActiveCfg = Release|Any CPU
		{639D0044-3B3E-478D-B321-AFBA6CB81833}.Release|Any CPU.Build.0 = Release|Any CPU
	EndGlobalSection
	GlobalSection(SolutionProperties) = preSolution
		HideSolutionNode = FALSE
	EndGlobalSection
	GlobalSection(NestedProjects) = preSolution
		{B62F4696-C198-4727-8802-A14DAE7614C4} = {7161769D-E741-443C-A8D3-E39B2D405373}
		{475A47A5-C1FC-47A3-B817-2AE94373C17D} = {B62F4696-C198-4727-8802-A14DAE7614C4}
		{45889929-771B-42CF-9AEC-A50071BA9F79} = {B62F4696-C198-4727-8802-A14DAE7614C4}
		{EF49A8B0-61EE-4E32-83CA-1275780022C7} = {B62F4696-C198-4727-8802-A14DAE7614C4}
		{9F67BF69-999C-48CA-9401-4A35D2E52134} = {B62F4696-C198-4727-8802-A14DAE7614C4}
		{639D0044-3B3E-478D-B321-AFBA6CB81833} = {B62F4696-C198-4727-8802-A14DAE7614C4}
	EndGlobalSection
	GlobalSection(ExtensibilityGlobals) = postSolution
		SolutionGuid = {70F59AA3-27D4-4D25-A031-78B5ADF4B351}
	EndGlobalSection
EndGlobal
